
Microsoft Visual Studio Solution File, Format Version 12.00
# Visual Studio Version 17
VisualStudioVersion = 17.0.31710.8
MinimumVisualStudioVersion = 10.0.40219.1
Project("{FAE04EC0-301F-11D3-BF4B-00C04F79EFBC}") = "DrTaabodi.WebApi", "DrTaabodi.WebApi\DrTaabodi.WebApi.csproj", "{07B38685-D3DF-450A-B4B0-C6B38B3FF239}"
EndProject
Project("{FAE04EC0-301F-11D3-BF4B-00C04F79EFBC}") = "DrTaabodi.Data", "DrTaabodi.Data\DrTaabodi.Data.csproj", "{9CF1CBDB-21DC-401F-A9F7-9A76CDD6C06B}"
EndProject
Project("{FAE04EC0-301F-11D3-BF4B-00C04F79EFBC}") = "DrTaabodi.Services", "DrTaabodi.Services\DrTaabodi.Services.csproj", "{2D500102-CFA8-4769-94C6-87E97743E203}"
EndProject
Global
	GlobalSection(SolutionConfigurationPlatforms) = preSolution
		Debug|Any CPU = Debug|Any CPU
		Release|Any CPU = Release|Any CPU
	EndGlobalSection
	GlobalSection(ProjectConfigurationPlatforms) = postSolution
		{07B38685-D3DF-450A-B4B0-C6B38B3FF239}.Debug|Any CPU.ActiveCfg = Debug|Any CPU
		{07B38685-D3DF-450A-B4B0-C6B38B3FF239}.Debug|Any CPU.Build.0 = Debug|Any CPU
		{07B38685-D3DF-450A-B4B0-C6B38B3FF239}.Release|Any CPU.ActiveCfg = Release|Any CPU
		{07B38685-D3DF-450A-B4B0-C6B38B3FF239}.Release|Any CPU.Build.0 = Release|Any CPU
		{9CF1CBDB-21DC-401F-A9F7-9A76CDD6C06B}.Debug|Any CPU.ActiveCfg = Debug|Any CPU
		{9CF1CBDB-21DC-401F-A9F7-9A76CDD6C06B}.Debug|Any CPU.Build.0 = Debug|Any CPU
		{9CF1CBDB-21DC-401F-A9F7-9A76CDD6C06B}.Release|Any CPU.ActiveCfg = Release|Any CPU
		{9CF1CBDB-21DC-401F-A9F7-9A76CDD6C06B}.Release|Any CPU.Build.0 = Release|Any CPU
		{2D500102-CFA8-4769-94C6-87E97743E203}.Debug|Any CPU.ActiveCfg = Debug|Any CPU
		{2D500102-CFA8-4769-94C6-87E97743E203}.Debug|Any CPU.Build.0 = Debug|Any CPU
		{2D500102-CFA8-4769-94C6-87E97743E203}.Release|Any CPU.ActiveCfg = Release|Any CPU
		{2D500102-CFA8-4769-94C6-87E97743E203}.Release|Any CPU.Build.0 = Release|Any CPU
	EndGlobalSection
	GlobalSection(SolutionProperties) = preSolution
		HideSolutionNode = FALSE
	EndGlobalSection
	GlobalSection(ExtensibilityGlobals) = postSolution
		SolutionGuid = {473B1FBE-3962-4901-B48A-E3347C345F9D}
	EndGlobalSection
EndGlobal
